# This file is automatically @generated by Poetry 2.1.4 and should not be changed by hand.

[[package]]
name = "lightql"
version = "0.1.0"
description = "pugsql inspired migrations and queries"
optional = false
python-versions = ">=3.12"
groups = ["main"]
files = []
develop = true

[package.source]
type = "directory"
url = "../lightql"

[metadata]
lock-version = "2.1"
python-versions = ">=3.12"
content-hash = "9550e5e08ab2db0e5bfe0ce97ea8d3c8813e2c5524b720f94397ca92c87420fb"
